
Microsoft Visual Studio Solution File, Format Version 12.00
# Visual Studio Version 17
VisualStudioVersion = 17.12.35527.113 d17.12
MinimumVisualStudioVersion = 10.0.40219.1
Project("{8BC9CEB8-8B4A-11D0-8D11-00A0C91BC942}") = "qt_modbus_multi", "qt_modbus_multi.vcxproj", "{CEA2FD81-31F1-4496-ADCB-A2362CD41745}"
EndProject
Global
	GlobalSection(SolutionConfigurationPlatforms) = preSolution
		Debug|x64 = Debug|x64
		Release|x64 = Release|x64
	EndGlobalSection
	GlobalSection(ProjectConfigurationPlatforms) = postSolution
		{CEA2FD81-31F1-4496-ADCB-A2362CD41745}.Debug|x64.ActiveCfg = Debug|x64
		{CEA2FD81-31F1-4496-ADCB-A2362CD41745}.Debug|x64.Build.0 = Debug|x64
		{CEA2FD81-31F1-4496-ADCB-A2362CD41745}.Release|x64.ActiveCfg = Release|x64
		{CEA2FD81-31F1-4496-ADCB-A2362CD41745}.Release|x64.Build.0 = Release|x64
	EndGlobalSection
	GlobalSection(SolutionProperties) = preSolution
		HideSolutionNode = FALSE
	EndGlobalSection
EndGlobal
